// !$*UTF8*$!
{
	archiveVersion = 1;
	classes = {
	};
	objectVersion = 46;
	objects = {

/* Begin PBXBuildFile section */
		138DCDD41AD8FD1C002876C5 /* main.m in Sources */ = {isa = PBXBuildFile; fileRef = 138DCDD31AD8FD1C002876C5 /* main.m */; };
		138DCDD71AD8FD1C002876C5 /* AppDelegate.m in Sources */ = {isa = PBXBuildFile; fileRef = 138DCDD61AD8FD1C002876C5 /* AppDelegate.m */; };
		138DCDDA1AD8FD1C002876C5 /* ViewController.m in Sources */ = {isa = PBXBuildFile; fileRef = 138DCDD91AD8FD1C002876C5 /* ViewController.m */; };
		138DCDDD1AD8FD1C002876C5 /* Main.storyboard in Resources */ = {isa = PBXBuildFile; fileRef = 138DCDDB1AD8FD1C002876C5 /* Main.storyboard */; };
		138DCDDF1AD8FD1C002876C5 /* Images.xcassets in Resources */ = {isa = PBXBuildFile; fileRef = 138DCDDE1AD8FD1C002876C5 /* Images.xcassets */; };
		138DCDE21AD8FD1C002876C5 /* LaunchScreen.xib in Resources */ = {isa = PBXBuildFile; fileRef = 138DCDE01AD8FD1C002876C5 /* LaunchScreen.xib */; };
		138DCDEE1AD8FD1C002876C5 /* Lesson4_2Tests.m in Sources */ = {isa = PBXBuildFile; fileRef = 138DCDED1AD8FD1C002876C5 /* Lesson4_2Tests.m */; };
		138DCDFA1AD8FD4B002876C5 /* DetailViewController.m in Sources */ = {isa = PBXBuildFile; fileRef = 138DCDF91AD8FD4B002876C5 /* DetailViewController.m */; };
/* End PBXBuildFile section */

/* Begin PBXContainerItemProxy section */
		138DCDE81AD8FD1C002876C5 /* PBXContainerItemProxy */ = {
			isa = PBXContainerItemProxy;
			containerPortal = 138DCDC61AD8FD1C002876C5 /* Project object */;
			proxyType = 1;
			remoteGlobalIDString = 138DCDCD1AD8FD1C002876C5;
			remoteInfo = Lesson4.2;
		};
/* End PBXContainerItemProxy section */

/* Begin PBXFileReference section */
		138DCDCE1AD8FD1C002876C5 /* Lesson4.2.app */ = {isa = PBXFileReference; explicitFileType = wrapper.application; includeInIndex = 0; path = Lesson4.2.app; sourceTree = BUILT_PRODUCTS_DIR; };
		138DCDD21AD8FD1C002876C5 /* Info.plist */ = {isa = PBXFileReference; lastKnownFileType = text.plist.xml; path = Info.plist; sourceTree = "<group>"; };
		138DCDD31AD8FD1C002876C5 /* main.m */ = {isa = PBXFileReference; lastKnownFileType = sourcecode.c.objc; path = main.m; sourceTree = "<group>"; };
		138DCDD51AD8FD1C002876C5 /* AppDelegate.h */ = {isa = PBXFileReference; lastKnownFileType = sourcecode.c.h; path = AppDelegate.h; sourceTree = "<group>"; };
		138DCDD61AD8FD1C002876C5 /* AppDelegate.m */ = {isa = PBXFileReference; lastKnownFileType = sourcecode.c.objc; path = AppDelegate.m; sourceTree = "<group>"; };
		138DCDD81AD8FD1C002876C5 /* ViewController.h */ = {isa = PBXFileReference; lastKnownFileType = sourcecode.c.h; path = ViewController.h; sourceTree = "<group>"; };
		138DCDD91AD8FD1C002876C5 /* ViewController.m */ = {isa = PBXFileReference; lastKnownFileType = sourcecode.c.objc; path = ViewController.m; sourceTree = "<group>"; };
		138DCDDC1AD8FD1C002876C5 /* Base */ = {isa = PBXFileReference; lastKnownFileType = file.storyboard; name = Base; path = Base.lproj/Main.storyboard; sourceTree = "<group>"; };
		138DCDDE1AD8FD1C002876C5 /* Images.xcassets */ = {isa = PBXFileReference; lastKnownFileType = folder.assetcatalog; path = Images.xcassets; sourceTree = "<group>"; };
		138DCDE11AD8FD1C002876C5 /* Base */ = {isa = PBXFileReference; lastKnownFileType = file.xib; name = Base; path = Base.lproj/LaunchScreen.xib; sourceTree = "<group>"; };
		138DCDE71AD8FD1C002876C5 /* Lesson4.2Tests.xctest */ = {isa = PBXFileReference; explicitFileType = wrapper.cfbundle; includeInIndex = 0; path = Lesson4.2Tests.xctest; sourceTree = BUILT_PRODUCTS_DIR; };
		138DCDEC1AD8FD1C002876C5 /* Info.plist */ = {isa = PBXFileReference; lastKnownFileType = text.plist.xml; path = Info.plist; sourceTree = "<group>"; };
		138DCDED1AD8FD1C002876C5 /* Lesson4_2Tests.m */ = {isa = PBXFileReference; lastKnownFileType = sourcecode.c.objc; path = Lesson4_2Tests.m; sourceTree = "<group>"; };
		138DCDF81AD8FD4B002876C5 /* DetailViewController.h */ = {isa = PBXFileReference; fileEncoding = 4; lastKnownFileType = sourcecode.c.h; path = DetailViewController.h; sourceTree = "<group>"; };
		138DCDF91AD8FD4B002876C5 /* DetailViewController.m */ = {isa = PBXFileReference; fileEncoding = 4; lastKnownFileType = sourcecode.c.objc; path = DetailViewController.m; sourceTree = "<group>"; };
/* End PBXFileReference section */

/* Begin PBXFrameworksBuildPhase section */
		138DCDCB1AD8FD1C002876C5 /* Frameworks */ = {
			isa = PBXFrameworksBuildPhase;
			buildActionMask = 2147483647;
			files = (
			);
			runOnlyForDeploymentPostprocessing = 0;
		};
		138DCDE41AD8FD1C002876C5 /* Frameworks */ = {
			isa = PBXFrameworksBuildPhase;
			buildActionMask = 2147483647;
			files = (
			);
			runOnlyForDeploymentPostprocessing = 0;
		};
/* End PBXFrameworksBuildPhase section */

/* Begin PBXGroup section */
		138DCDC51AD8FD1C002876C5 = {
			isa = PBXGroup;
			children = (
				138DCDF71AD8FD36002876C5 /* DetailViewController */,
				138DCDD01AD8FD1C002876C5 /* Lesson4.2 */,
				138DCDEA1AD8FD1C002876C5 /* Lesson4.2Tests */,
				138DCDCF1AD8FD1C002876C5 /* Products */,
			);
			sourceTree = "<group>";
		};
		138DCDCF1AD8FD1C002876C5 /* Products */ = {
			isa = PBXGroup;
			children = (
				138DCDCE1AD8FD1C002876C5 /* Lesson4.2.app */,
				138DCDE71AD8FD1C002876C5 /* Lesson4.2Tests.xctest */,
			);
			name = Products;
			sourceTree = "<group>";
		};
		138DCDD01AD8FD1C002876C5 /* Lesson4.2 */ = {
			isa = PBXGroup;
			children = (
				138DCDD51AD8FD1C002876C5 /* AppDelegate.h */,
				138DCDD61AD8FD1C002876C5 /* AppDelegate.m */,
				138DCDD81AD8FD1C002876C5 /* ViewController.h */,
				138DCDD91AD8FD1C002876C5 /* ViewController.m */,
				138DCDDB1AD8FD1C002876C5 /* Main.storyboard */,
				138DCDDE1AD8FD1C002876C5 /* Images.xcassets */,
				138DCDE01AD8FD1C002876C5 /* LaunchScreen.xib */,
				138DCDD11AD8FD1C002876C5 /* Supporting Files */,
			);
			path = Lesson4.2;
			sourceTree = "<group>";
		};
		138DCDD11AD8FD1C002876C5 /* Supporting Files */ = {
			isa = PBXGroup;
			children = (
				138DCDD21AD8FD1C002876C5 /* Info.plist */,
				138DCDD31AD8FD1C002876C5 /* main.m */,
			);
			name = "Supporting Files";
			sourceTree = "<group>";
		};
		138DCDEA1AD8FD1C002876C5 /* Lesson4.2Tests */ = {
			isa = PBXGroup;
			children = (
				138DCDED1AD8FD1C002876C5 /* Lesson4_2Tests.m */,
				138DCDEB1AD8FD1C002876C5 /* Supporting Files */,
			);
			path = Lesson4.2Tests;
			sourceTree = "<group>";
		};
		138DCDEB1AD8FD1C002876C5 /* Supporting Files */ = {
			isa = PBXGroup;
			children = (
				138DCDEC1AD8FD1C002876C5 /* Info.plist */,
			);
			name = "Supporting Files";
			sourceTree = "<group>";
		};
		138DCDF71AD8FD36002876C5 /* DetailViewController */ = {
			isa = PBXGroup;
			children = (
				138DCDF81AD8FD4B002876C5 /* DetailViewController.h */,
				138DCDF91AD8FD4B002876C5 /* DetailViewController.m */,
			);
			name = DetailViewController;
			sourceTree = "<group>";
		};
/* End PBXGroup section */

/* Begin PBXNativeTarget section */
		138DCDCD1AD8FD1C002876C5 /* Lesson4.2 */ = {
			isa = PBXNativeTarget;
			buildConfigurationList = 138DCDF11AD8FD1D002876C5 /* Build configuration list for PBXNativeTarget "Lesson4.2" */;
			buildPhases = (
				138DCDCA1AD8FD1C002876C5 /* Sources */,
				138DCDCB1AD8FD1C002876C5 /* Frameworks */,
				138DCDCC1AD8FD1C002876C5 /* Resources */,
			);
			buildRules = (
			);
			dependencies = (
			);
			name = Lesson4.2;
			productName = Lesson4.2;
			productReference = 138DCDCE1AD8FD1C002876C5 /* Lesson4.2.app */;
			productType = "com.apple.product-type.application";
		};
		138DCDE61AD8FD1C002876C5 /* Lesson4.2Tests */ = {
			isa = PBXNativeTarget;
			buildConfigurationList = 138DCDF41AD8FD1D002876C5 /* Build configuration list for PBXNativeTarget "Lesson4.2Tests" */;
			buildPhases = (
				138DCDE31AD8FD1C002876C5 /* Sources */,
				138DCDE41AD8FD1C002876C5 /* Frameworks */,
				138DCDE51AD8FD1C002876C5 /* Resources */,
			);
			buildRules = (
			);
			dependencies = (
				138DCDE91AD8FD1C002876C5 /* PBXTargetDependency */,
			);
			name = Lesson4.2Tests;
			productName = Lesson4.2Tests;
			productReference = 138DCDE71AD8FD1C002876C5 /* Lesson4.2Tests.xctest */;
			productType = "com.apple.product-type.bundle.unit-test";
		};
/* End PBXNativeTarget section */

/* Begin PBXProject section */
		138DCDC61AD8FD1C002876C5 /* Project object */ = {
			isa = PBXProject;
			attributes = {
				LastUpgradeCheck = 0610;
				ORGANIZATIONNAME = T;
				TargetAttributes = {
					138DCDCD1AD8FD1C002876C5 = {
						CreatedOnToolsVersion = 6.1.1;
					};
					138DCDE61AD8FD1C002876C5 = {
						CreatedOnToolsVersion = 6.1.1;
						TestTargetID = 138DCDCD1AD8FD1C002876C5;
					};
				};
			};
			buildConfigurationList = 138DCDC91AD8FD1C002876C5 /* Build configuration list for PBXProject "Lesson4.2" */;
			compatibilityVersion = "Xcode 3.2";
			developmentRegion = English;
			hasScannedForEncodings = 0;
			knownRegions = (
				en,
				Base,
			);
			mainGroup = 138DCDC51AD8FD1C002876C5;
			productRefGroup = 138DCDCF1AD8FD1C002876C5 /* Products */;
			projectDirPath = "";
			projectRoot = "";
			targets = (
				138DCDCD1AD8FD1C002876C5 /* Lesson4.2 */,
				138DCDE61AD8FD1C002876C5 /* Lesson4.2Tests */,
			);
		};
/* End PBXProject section */

/* Begin PBXResourcesBuildPhase section */
		138DCDCC1AD8FD1C002876C5 /* Resources */ = {
			isa = PBXResourcesBuildPhase;
			buildActionMask = 2147483647;
			files = (
				138DCDDD1AD8FD1C002876C5 /* Main.storyboard in Resources */,
				138DCDE21AD8FD1C002876C5 /* LaunchScreen.xib in Resources */,
				138DCDDF1AD8FD1C002876C5 /* Images.xcassets in Resources */,
			);
			runOnlyForDeploymentPostprocessing = 0;
		};
		138DCDE51AD8FD1C002876C5 /* Resources */ = {
			isa = PBXResourcesBuildPhase;
			buildActionMask = 2147483647;
			files = (
			);
			runOnlyForDeploymentPostprocessing = 0;
		};
/* End PBXResourcesBuildPhase section */

/* Begin PBXSourcesBuildPhase section */
		138DCDCA1AD8FD1C002876C5 /* Sources */ = {
			isa = PBXSourcesBuildPhase;
			buildActionMask = 2147483647;
			files = (
				138DCDDA1AD8FD1C002876C5 /* ViewController.m in Sources */,
				138DCDD71AD8FD1C002876C5 /* AppDelegate.m in Sources */,
				138DCDD41AD8FD1C002876C5 /* main.m in Sources */,
				138DCDFA1AD8FD4B002876C5 /* DetailViewController.m in Sources */,
			);
			runOnlyForDeploymentPostprocessing = 0;
		};
		138DCDE31AD8FD1C002876C5 /* Sources */ = {
			isa = PBXSourcesBuildPhase;
			buildActionMask = 2147483647;
			files = (
				138DCDEE1AD8FD1C002876C5 /* Lesson4_2Tests.m in Sources */,
			);
			runOnlyForDeploymentPostprocessing = 0;
		};
/* End PBXSourcesBuildPhase section */

/* Begin PBXTargetDependency section */
		138DCDE91AD8FD1C002876C5 /* PBXTargetDependency */ = {
			isa = PBXTargetDependency;
			target = 138DCDCD1AD8FD1C002876C5 /* Lesson4.2 */;
			targetProxy = 138DCDE81AD8FD1C002876C5 /* PBXContainerItemProxy */;
		};
/* End PBXTargetDependency section */

/* Begin PBXVariantGroup section */
		138DCDDB1AD8FD1C002876C5 /* Main.storyboard */ = {
			isa = PBXVariantGroup;
			children = (
				138DCDDC1AD8FD1C002876C5 /* Base */,
			);
			name = Main.storyboard;
			sourceTree = "<group>";
		};
		138DCDE01AD8FD1C002876C5 /* LaunchScreen.xib */ = {
			isa = PBXVariantGroup;
			children = (
				138DCDE11AD8FD1C002876C5 /* Base */,
			);
			name = LaunchScreen.xib;
			sourceTree = "<group>";
		};
/* End PBXVariantGroup section */

/* Begin XCBuildConfiguration section */
		138DCDEF1AD8FD1C002876C5 /* Debug */ = {
			isa = XCBuildConfiguration;
			buildSettings = {
				ALWAYS_SEARCH_USER_PATHS = NO;
				CLANG_CXX_LANGUAGE_STANDARD = "gnu++0x";
				CLANG_CXX_LIBRARY = "libc++";
				CLANG_ENABLE_MODULES = YES;
				CLANG_ENABLE_OBJC_ARC = YES;
				CLANG_WARN_BOOL_CONVERSION = YES;
				CLANG_WARN_CONSTANT_CONVERSION = YES;
				CLANG_WARN_DIRECT_OBJC_ISA_USAGE = YES_ERROR;
				CLANG_WARN_EMPTY_BODY = YES;
				CLANG_WARN_ENUM_CONVERSION = YES;
				CLANG_WARN_INT_CONVERSION = YES;
				CLANG_WARN_OBJC_ROOT_CLASS = YES_ERROR;
				CLANG_WARN_UNREACHABLE_CODE = YES;
				CLANG_WARN__DUPLICATE_METHOD_MATCH = YES;
				"CODE_SIGN_IDENTITY[sdk=iphoneos*]" = "iPhone Developer";
				COPY_PHASE_STRIP = NO;
				ENABLE_STRICT_OBJC_MSGSEND = YES;
				GCC_C_LANGUAGE_STANDARD = gnu99;
				GCC_DYNAMIC_NO_PIC = NO;
				GCC_OPTIMIZATION_LEVEL = 0;
				GCC_PREPROCESSOR_DEFINITIONS = (
					"DEBUG=1",
					"$(inherited)",
				);
				GCC_SYMBOLS_PRIVATE_EXTERN = NO;
				GCC_WARN_64_TO_32_BIT_CONVERSION = YES;
				GCC_WARN_ABOUT_RETURN_TYPE = YES_ERROR;
				GCC_WARN_UNDECLARED_SELECTOR = YES;
				GCC_WARN_UNINITIALIZED_AUTOS = YES_AGGRESSIVE;
				GCC_WARN_UNUSED_FUNCTION = YES;
				GCC_WARN_UNUSED_VARIABLE = YES;
				IPHONEOS_DEPLOYMENT_TARGET = 8.1;
				MTL_ENABLE_DEBUG_INFO = YES;
				ONLY_ACTIVE_ARCH = YES;
				SDKROOT = iphoneos;
			};
			name = Debug;
		};
		138DCDF01AD8FD1C002876C5 /* Release */ = {
			isa = XCBuildConfiguration;
			buildSettings = {
				ALWAYS_SEARCH_USER_PATHS = NO;
				CLANG_CXX_LANGUAGE_STANDARD = "gnu++0x";
				CLANG_CXX_LIBRARY = "libc++";
				CLANG_ENABLE_MODULES = YES;
				CLANG_ENABLE_OBJC_ARC = YES;
				CLANG_WARN_BOOL_CONVERSION = YES;
				CLANG_WARN_CONSTANT_CONVERSION = YES;
				CLANG_WARN_DIRECT_OBJC_ISA_USAGE = YES_ERROR;
				CLANG_WARN_EMPTY_BODY = YES;
				CLANG_WARN_ENUM_CONVERSION = YES;
				CLANG_WARN_INT_CONVERSION = YES;
				CLANG_WARN_OBJC_ROOT_CLASS = YES_ERROR;
				CLANG_WARN_UNREACHABLE_CODE = YES;
				CLANG_WARN__DUPLICATE_METHOD_MATCH = YES;
				"CODE_SIGN_IDENTITY[sdk=iphoneos*]" = "iPhone Developer";
				COPY_PHASE_STRIP = YES;
				ENABLE_NS_ASSERTIONS = NO;
				ENABLE_STRICT_OBJC_MSGSEND = YES;
				GCC_C_LANGUAGE_STANDARD = gnu99;
				GCC_WARN_64_TO_32_BIT_CONVERSION = YES;
				GCC_WARN_ABOUT_RETURN_TYPE = YES_ERROR;
				GCC_WARN_UNDECLARED_SELECTOR = YES;
				GCC_WARN_UNINITIALIZED_AUTOS = YES_AGGRESSIVE;
				GCC_WARN_UNUSED_FUNCTION = YES;
				GCC_WARN_UNUSED_VARIABLE = YES;
				IPHONEOS_DEPLOYMENT_TARGET = 8.1;
				MTL_ENABLE_DEBUG_INFO = NO;
				SDKROOT = iphoneos;
				VALIDATE_PRODUCT = YES;
			};
			name = Release;
		};
		138DCDF21AD8FD1D002876C5 /* Debug */ = {
			isa = XCBuildConfiguration;
			buildSettings = {
				ASSETCATALOG_COMPILER_APPICON_NAME = AppIcon;
				INFOPLIST_FILE = Lesson4.2/Info.plist;
				LD_RUNPATH_SEARCH_PATHS = "$(inherited) @executable_path/Frameworks";
				PRODUCT_NAME = "$(TARGET_NAME)";
			};
			name = Debug;
		};
		138DCDF31AD8FD1D002876C5 /* Release */ = {
			isa = XCBuildConfiguration;
			buildSettings = {
				ASSETCATALOG_COMPILER_APPICON_NAME = AppIcon;
				INFOPLIST_FILE = Lesson4.2/Info.plist;
				LD_RUNPATH_SEARCH_PATHS = "$(inherited) @executable_path/Frameworks";
				PRODUCT_NAME = "$(TARGET_NAME)";
			};
			name = Release;
		};
		138DCDF51AD8FD1D002876C5 /* Debug */ = {
			isa = XCBuildConfiguration;
			buildSettings = {
				BUNDLE_LOADER = "$(TEST_HOST)";
				FRAMEWORK_SEARCH_PATHS = (
					"$(SDKROOT)/Developer/Library/Frameworks",
					"$(inherited)",
				);
				GCC_PREPROCESSOR_DEFINITIONS = (
					"DEBUG=1",
					"$(inherited)",
				);
				INFOPLIST_FILE = Lesson4.2Tests/Info.plist;
				LD_RUNPATH_SEARCH_PATHS = "$(inherited) @executable_path/Frameworks @loader_path/Frameworks";
				PRODUCT_NAME = "$(TARGET_NAME)";
				TEST_HOST = "$(BUILT_PRODUCTS_DIR)/Lesson4.2.app/Lesson4.2";
			};
			name = Debug;
		};
		138DCDF61AD8FD1D002876C5 /* Release */ = {
			isa = XCBuildConfiguration;
			buildSettings = {
				BUNDLE_LOADER = "$(TEST_HOST)";
				FRAMEWORK_SEARCH_PATHS = (
					"$(SDKROOT)/Developer/Library/Frameworks",
					"$(inherited)",
				);
				INFOPLIST_FILE = Lesson4.2Tests/Info.plist;
				LD_RUNPATH_SEARCH_PATHS = "$(inherited) @executable_path/Frameworks @loader_path/Frameworks";
				PRODUCT_NAME = "$(TARGET_NAME)";
				TEST_HOST = "$(BUILT_PRODUCTS_DIR)/Lesson4.2.app/Lesson4.2";
			};
			name = Release;
		};
/* End XCBuildConfiguration section */

/* Begin XCConfigurationList section */
		138DCDC91AD8FD1C002876C5 /* Build configuration list for PBXProject "Lesson4.2" */ = {
			isa = XCConfigurationList;
			buildConfigurations = (
				138DCDEF1AD8FD1C002876C5 /* Debug */,
				138DCDF01AD8FD1C002876C5 /* Release */,
			);
			defaultConfigurationIsVisible = 0;
			defaultConfigurationName = Release;
		};
		138DCDF11AD8FD1D002876C5 /* Build configuration list for PBXNativeTarget "Lesson4.2" */ = {
			isa = XCConfigurationList;
			buildConfigurations = (
				138DCDF21AD8FD1D002876C5 /* Debug */,
				138DCDF31AD8FD1D002876C5 /* Release */,
			);
			defaultConfigurationIsVisible = 0;
		};
		138DCDF41AD8FD1D002876C5 /* Build configuration list for PBXNativeTarget "Lesson4.2Tests" */ = {
			isa = XCConfigurationList;
			buildConfigurations = (
				138DCDF51AD8FD1D002876C5 /* Debug */,
				138DCDF61AD8FD1D002876C5 /* Release */,
			);
			defaultConfigurationIsVisible = 0;
		};
/* End XCConfigurationList section */
	};
	rootObject = 138DCDC61AD8FD1C002876C5 /* Project object */;
}
