// !$*UTF8*$!
{
	archiveVersion = 1;
	classes = {
	};
	objectVersion = 46;
	objects = {

/* Begin PBXBuildFile section */
		13BD2A7B1B15099A00BB784E /* main.m in Sources */ = {isa = PBXBuildFile; fileRef = 13BD2A7A1B15099A00BB784E /* main.m */; };
		13BD2A7E1B15099A00BB784E /* AppDelegate.m in Sources */ = {isa = PBXBuildFile; fileRef = 13BD2A7D1B15099A00BB784E /* AppDelegate.m */; };
		13BD2A811B15099A00BB784E /* ViewController.m in Sources */ = {isa = PBXBuildFile; fileRef = 13BD2A801B15099A00BB784E /* ViewController.m */; };
		13BD2A841B15099A00BB784E /* Main.storyboard in Resources */ = {isa = PBXBuildFile; fileRef = 13BD2A821B15099A00BB784E /* Main.storyboard */; };
		13BD2A861B15099A00BB784E /* Images.xcassets in Resources */ = {isa = PBXBuildFile; fileRef = 13BD2A851B15099A00BB784E /* Images.xcassets */; };
		13BD2A891B15099A00BB784E /* LaunchScreen.xib in Resources */ = {isa = PBXBuildFile; fileRef = 13BD2A871B15099A00BB784E /* LaunchScreen.xib */; };
		13BD2A951B15099A00BB784E /* OutletsTests.m in Sources */ = {isa = PBXBuildFile; fileRef = 13BD2A941B15099A00BB784E /* OutletsTests.m */; };
/* End PBXBuildFile section */

/* Begin PBXContainerItemProxy section */
		13BD2A8F1B15099A00BB784E /* PBXContainerItemProxy */ = {
			isa = PBXContainerItemProxy;
			containerPortal = 13BD2A6D1B15099A00BB784E /* Project object */;
			proxyType = 1;
			remoteGlobalIDString = 13BD2A741B15099A00BB784E;
			remoteInfo = Outlets;
		};
/* End PBXContainerItemProxy section */

/* Begin PBXFileReference section */
		13BD2A751B15099A00BB784E /* Outlets.app */ = {isa = PBXFileReference; explicitFileType = wrapper.application; includeInIndex = 0; path = Outlets.app; sourceTree = BUILT_PRODUCTS_DIR; };
		13BD2A791B15099A00BB784E /* Info.plist */ = {isa = PBXFileReference; lastKnownFileType = text.plist.xml; path = Info.plist; sourceTree = "<group>"; };
		13BD2A7A1B15099A00BB784E /* main.m */ = {isa = PBXFileReference; lastKnownFileType = sourcecode.c.objc; path = main.m; sourceTree = "<group>"; };
		13BD2A7C1B15099A00BB784E /* AppDelegate.h */ = {isa = PBXFileReference; lastKnownFileType = sourcecode.c.h; path = AppDelegate.h; sourceTree = "<group>"; };
		13BD2A7D1B15099A00BB784E /* AppDelegate.m */ = {isa = PBXFileReference; lastKnownFileType = sourcecode.c.objc; path = AppDelegate.m; sourceTree = "<group>"; };
		13BD2A7F1B15099A00BB784E /* ViewController.h */ = {isa = PBXFileReference; lastKnownFileType = sourcecode.c.h; path = ViewController.h; sourceTree = "<group>"; };
		13BD2A801B15099A00BB784E /* ViewController.m */ = {isa = PBXFileReference; lastKnownFileType = sourcecode.c.objc; path = ViewController.m; sourceTree = "<group>"; };
		13BD2A831B15099A00BB784E /* Base */ = {isa = PBXFileReference; lastKnownFileType = file.storyboard; name = Base; path = Base.lproj/Main.storyboard; sourceTree = "<group>"; };
		13BD2A851B15099A00BB784E /* Images.xcassets */ = {isa = PBXFileReference; lastKnownFileType = folder.assetcatalog; path = Images.xcassets; sourceTree = "<group>"; };
		13BD2A881B15099A00BB784E /* Base */ = {isa = PBXFileReference; lastKnownFileType = file.xib; name = Base; path = Base.lproj/LaunchScreen.xib; sourceTree = "<group>"; };
		13BD2A8E1B15099A00BB784E /* OutletsTests.xctest */ = {isa = PBXFileReference; explicitFileType = wrapper.cfbundle; includeInIndex = 0; path = OutletsTests.xctest; sourceTree = BUILT_PRODUCTS_DIR; };
		13BD2A931B15099A00BB784E /* Info.plist */ = {isa = PBXFileReference; lastKnownFileType = text.plist.xml; path = Info.plist; sourceTree = "<group>"; };
		13BD2A941B15099A00BB784E /* OutletsTests.m */ = {isa = PBXFileReference; lastKnownFileType = sourcecode.c.objc; path = OutletsTests.m; sourceTree = "<group>"; };
/* End PBXFileReference section */

/* Begin PBXFrameworksBuildPhase section */
		13BD2A721B15099A00BB784E /* Frameworks */ = {
			isa = PBXFrameworksBuildPhase;
			buildActionMask = 2147483647;
			files = (
			);
			runOnlyForDeploymentPostprocessing = 0;
		};
		13BD2A8B1B15099A00BB784E /* Frameworks */ = {
			isa = PBXFrameworksBuildPhase;
			buildActionMask = 2147483647;
			files = (
			);
			runOnlyForDeploymentPostprocessing = 0;
		};
/* End PBXFrameworksBuildPhase section */

/* Begin PBXGroup section */
		13BD2A6C1B15099A00BB784E = {
			isa = PBXGroup;
			children = (
				13BD2A771B15099A00BB784E /* Outlets */,
				13BD2A911B15099A00BB784E /* OutletsTests */,
				13BD2A761B15099A00BB784E /* Products */,
			);
			sourceTree = "<group>";
		};
		13BD2A761B15099A00BB784E /* Products */ = {
			isa = PBXGroup;
			children = (
				13BD2A751B15099A00BB784E /* Outlets.app */,
				13BD2A8E1B15099A00BB784E /* OutletsTests.xctest */,
			);
			name = Products;
			sourceTree = "<group>";
		};
		13BD2A771B15099A00BB784E /* Outlets */ = {
			isa = PBXGroup;
			children = (
				13BD2A7C1B15099A00BB784E /* AppDelegate.h */,
				13BD2A7D1B15099A00BB784E /* AppDelegate.m */,
				13BD2A7F1B15099A00BB784E /* ViewController.h */,
				13BD2A801B15099A00BB784E /* ViewController.m */,
				13BD2A821B15099A00BB784E /* Main.storyboard */,
				13BD2A851B15099A00BB784E /* Images.xcassets */,
				13BD2A871B15099A00BB784E /* LaunchScreen.xib */,
				13BD2A781B15099A00BB784E /* Supporting Files */,
			);
			path = Outlets;
			sourceTree = "<group>";
		};
		13BD2A781B15099A00BB784E /* Supporting Files */ = {
			isa = PBXGroup;
			children = (
				13BD2A791B15099A00BB784E /* Info.plist */,
				13BD2A7A1B15099A00BB784E /* main.m */,
			);
			name = "Supporting Files";
			sourceTree = "<group>";
		};
		13BD2A911B15099A00BB784E /* OutletsTests */ = {
			isa = PBXGroup;
			children = (
				13BD2A941B15099A00BB784E /* OutletsTests.m */,
				13BD2A921B15099A00BB784E /* Supporting Files */,
			);
			path = OutletsTests;
			sourceTree = "<group>";
		};
		13BD2A921B15099A00BB784E /* Supporting Files */ = {
			isa = PBXGroup;
			children = (
				13BD2A931B15099A00BB784E /* Info.plist */,
			);
			name = "Supporting Files";
			sourceTree = "<group>";
		};
/* End PBXGroup section */

/* Begin PBXNativeTarget section */
		13BD2A741B15099A00BB784E /* Outlets */ = {
			isa = PBXNativeTarget;
			buildConfigurationList = 13BD2A981B15099A00BB784E /* Build configuration list for PBXNativeTarget "Outlets" */;
			buildPhases = (
				13BD2A711B15099A00BB784E /* Sources */,
				13BD2A721B15099A00BB784E /* Frameworks */,
				13BD2A731B15099A00BB784E /* Resources */,
			);
			buildRules = (
			);
			dependencies = (
			);
			name = Outlets;
			productName = Outlets;
			productReference = 13BD2A751B15099A00BB784E /* Outlets.app */;
			productType = "com.apple.product-type.application";
		};
		13BD2A8D1B15099A00BB784E /* OutletsTests */ = {
			isa = PBXNativeTarget;
			buildConfigurationList = 13BD2A9B1B15099A00BB784E /* Build configuration list for PBXNativeTarget "OutletsTests" */;
			buildPhases = (
				13BD2A8A1B15099A00BB784E /* Sources */,
				13BD2A8B1B15099A00BB784E /* Frameworks */,
				13BD2A8C1B15099A00BB784E /* Resources */,
			);
			buildRules = (
			);
			dependencies = (
				13BD2A901B15099A00BB784E /* PBXTargetDependency */,
			);
			name = OutletsTests;
			productName = OutletsTests;
			productReference = 13BD2A8E1B15099A00BB784E /* OutletsTests.xctest */;
			productType = "com.apple.product-type.bundle.unit-test";
		};
/* End PBXNativeTarget section */

/* Begin PBXProject section */
		13BD2A6D1B15099A00BB784E /* Project object */ = {
			isa = PBXProject;
			attributes = {
				LastUpgradeCheck = 0610;
				ORGANIZATIONNAME = T;
				TargetAttributes = {
					13BD2A741B15099A00BB784E = {
						CreatedOnToolsVersion = 6.1.1;
					};
					13BD2A8D1B15099A00BB784E = {
						CreatedOnToolsVersion = 6.1.1;
						TestTargetID = 13BD2A741B15099A00BB784E;
					};
				};
			};
			buildConfigurationList = 13BD2A701B15099A00BB784E /* Build configuration list for PBXProject "Outlets" */;
			compatibilityVersion = "Xcode 3.2";
			developmentRegion = English;
			hasScannedForEncodings = 0;
			knownRegions = (
				en,
				Base,
			);
			mainGroup = 13BD2A6C1B15099A00BB784E;
			productRefGroup = 13BD2A761B15099A00BB784E /* Products */;
			projectDirPath = "";
			projectRoot = "";
			targets = (
				13BD2A741B15099A00BB784E /* Outlets */,
				13BD2A8D1B15099A00BB784E /* OutletsTests */,
			);
		};
/* End PBXProject section */

/* Begin PBXResourcesBuildPhase section */
		13BD2A731B15099A00BB784E /* Resources */ = {
			isa = PBXResourcesBuildPhase;
			buildActionMask = 2147483647;
			files = (
				13BD2A841B15099A00BB784E /* Main.storyboard in Resources */,
				13BD2A891B15099A00BB784E /* LaunchScreen.xib in Resources */,
				13BD2A861B15099A00BB784E /* Images.xcassets in Resources */,
			);
			runOnlyForDeploymentPostprocessing = 0;
		};
		13BD2A8C1B15099A00BB784E /* Resources */ = {
			isa = PBXResourcesBuildPhase;
			buildActionMask = 2147483647;
			files = (
			);
			runOnlyForDeploymentPostprocessing = 0;
		};
/* End PBXResourcesBuildPhase section */

/* Begin PBXSourcesBuildPhase section */
		13BD2A711B15099A00BB784E /* Sources */ = {
			isa = PBXSourcesBuildPhase;
			buildActionMask = 2147483647;
			files = (
				13BD2A811B15099A00BB784E /* ViewController.m in Sources */,
				13BD2A7E1B15099A00BB784E /* AppDelegate.m in Sources */,
				13BD2A7B1B15099A00BB784E /* main.m in Sources */,
			);
			runOnlyForDeploymentPostprocessing = 0;
		};
		13BD2A8A1B15099A00BB784E /* Sources */ = {
			isa = PBXSourcesBuildPhase;
			buildActionMask = 2147483647;
			files = (
				13BD2A951B15099A00BB784E /* OutletsTests.m in Sources */,
			);
			runOnlyForDeploymentPostprocessing = 0;
		};
/* End PBXSourcesBuildPhase section */

/* Begin PBXTargetDependency section */
		13BD2A901B15099A00BB784E /* PBXTargetDependency */ = {
			isa = PBXTargetDependency;
			target = 13BD2A741B15099A00BB784E /* Outlets */;
			targetProxy = 13BD2A8F1B15099A00BB784E /* PBXContainerItemProxy */;
		};
/* End PBXTargetDependency section */

/* Begin PBXVariantGroup section */
		13BD2A821B15099A00BB784E /* Main.storyboard */ = {
			isa = PBXVariantGroup;
			children = (
				13BD2A831B15099A00BB784E /* Base */,
			);
			name = Main.storyboard;
			sourceTree = "<group>";
		};
		13BD2A871B15099A00BB784E /* LaunchScreen.xib */ = {
			isa = PBXVariantGroup;
			children = (
				13BD2A881B15099A00BB784E /* Base */,
			);
			name = LaunchScreen.xib;
			sourceTree = "<group>";
		};
/* End PBXVariantGroup section */

/* Begin XCBuildConfiguration section */
		13BD2A961B15099A00BB784E /* Debug */ = {
			isa = XCBuildConfiguration;
			buildSettings = {
				ALWAYS_SEARCH_USER_PATHS = NO;
				CLANG_CXX_LANGUAGE_STANDARD = "gnu++0x";
				CLANG_CXX_LIBRARY = "libc++";
				CLANG_ENABLE_MODULES = YES;
				CLANG_ENABLE_OBJC_ARC = YES;
				CLANG_WARN_BOOL_CONVERSION = YES;
				CLANG_WARN_CONSTANT_CONVERSION = YES;
				CLANG_WARN_DIRECT_OBJC_ISA_USAGE = YES_ERROR;
				CLANG_WARN_EMPTY_BODY = YES;
				CLANG_WARN_ENUM_CONVERSION = YES;
				CLANG_WARN_INT_CONVERSION = YES;
				CLANG_WARN_OBJC_ROOT_CLASS = YES_ERROR;
				CLANG_WARN_UNREACHABLE_CODE = YES;
				CLANG_WARN__DUPLICATE_METHOD_MATCH = YES;
				"CODE_SIGN_IDENTITY[sdk=iphoneos*]" = "iPhone Developer";
				COPY_PHASE_STRIP = NO;
				ENABLE_STRICT_OBJC_MSGSEND = YES;
				GCC_C_LANGUAGE_STANDARD = gnu99;
				GCC_DYNAMIC_NO_PIC = NO;
				GCC_OPTIMIZATION_LEVEL = 0;
				GCC_PREPROCESSOR_DEFINITIONS = (
					"DEBUG=1",
					"$(inherited)",
				);
				GCC_SYMBOLS_PRIVATE_EXTERN = NO;
				GCC_WARN_64_TO_32_BIT_CONVERSION = YES;
				GCC_WARN_ABOUT_RETURN_TYPE = YES_ERROR;
				GCC_WARN_UNDECLARED_SELECTOR = YES;
				GCC_WARN_UNINITIALIZED_AUTOS = YES_AGGRESSIVE;
				GCC_WARN_UNUSED_FUNCTION = YES;
				GCC_WARN_UNUSED_VARIABLE = YES;
				IPHONEOS_DEPLOYMENT_TARGET = 8.1;
				MTL_ENABLE_DEBUG_INFO = YES;
				ONLY_ACTIVE_ARCH = YES;
				SDKROOT = iphoneos;
				TARGETED_DEVICE_FAMILY = "1,2";
			};
			name = Debug;
		};
		13BD2A971B15099A00BB784E /* Release */ = {
			isa = XCBuildConfiguration;
			buildSettings = {
				ALWAYS_SEARCH_USER_PATHS = NO;
				CLANG_CXX_LANGUAGE_STANDARD = "gnu++0x";
				CLANG_CXX_LIBRARY = "libc++";
				CLANG_ENABLE_MODULES = YES;
				CLANG_ENABLE_OBJC_ARC = YES;
				CLANG_WARN_BOOL_CONVERSION = YES;
				CLANG_WARN_CONSTANT_CONVERSION = YES;
				CLANG_WARN_DIRECT_OBJC_ISA_USAGE = YES_ERROR;
				CLANG_WARN_EMPTY_BODY = YES;
				CLANG_WARN_ENUM_CONVERSION = YES;
				CLANG_WARN_INT_CONVERSION = YES;
				CLANG_WARN_OBJC_ROOT_CLASS = YES_ERROR;
				CLANG_WARN_UNREACHABLE_CODE = YES;
				CLANG_WARN__DUPLICATE_METHOD_MATCH = YES;
				"CODE_SIGN_IDENTITY[sdk=iphoneos*]" = "iPhone Developer";
				COPY_PHASE_STRIP = YES;
				ENABLE_NS_ASSERTIONS = NO;
				ENABLE_STRICT_OBJC_MSGSEND = YES;
				GCC_C_LANGUAGE_STANDARD = gnu99;
				GCC_WARN_64_TO_32_BIT_CONVERSION = YES;
				GCC_WARN_ABOUT_RETURN_TYPE = YES_ERROR;
				GCC_WARN_UNDECLARED_SELECTOR = YES;
				GCC_WARN_UNINITIALIZED_AUTOS = YES_AGGRESSIVE;
				GCC_WARN_UNUSED_FUNCTION = YES;
				GCC_WARN_UNUSED_VARIABLE = YES;
				IPHONEOS_DEPLOYMENT_TARGET = 8.1;
				MTL_ENABLE_DEBUG_INFO = NO;
				SDKROOT = iphoneos;
				TARGETED_DEVICE_FAMILY = "1,2";
				VALIDATE_PRODUCT = YES;
			};
			name = Release;
		};
		13BD2A991B15099A00BB784E /* Debug */ = {
			isa = XCBuildConfiguration;
			buildSettings = {
				ASSETCATALOG_COMPILER_APPICON_NAME = AppIcon;
				INFOPLIST_FILE = Outlets/Info.plist;
				LD_RUNPATH_SEARCH_PATHS = "$(inherited) @executable_path/Frameworks";
				PRODUCT_NAME = "$(TARGET_NAME)";
			};
			name = Debug;
		};
		13BD2A9A1B15099A00BB784E /* Release */ = {
			isa = XCBuildConfiguration;
			buildSettings = {
				ASSETCATALOG_COMPILER_APPICON_NAME = AppIcon;
				INFOPLIST_FILE = Outlets/Info.plist;
				LD_RUNPATH_SEARCH_PATHS = "$(inherited) @executable_path/Frameworks";
				PRODUCT_NAME = "$(TARGET_NAME)";
			};
			name = Release;
		};
		13BD2A9C1B15099A00BB784E /* Debug */ = {
			isa = XCBuildConfiguration;
			buildSettings = {
				BUNDLE_LOADER = "$(TEST_HOST)";
				FRAMEWORK_SEARCH_PATHS = (
					"$(SDKROOT)/Developer/Library/Frameworks",
					"$(inherited)",
				);
				GCC_PREPROCESSOR_DEFINITIONS = (
					"DEBUG=1",
					"$(inherited)",
				);
				INFOPLIST_FILE = OutletsTests/Info.plist;
				LD_RUNPATH_SEARCH_PATHS = "$(inherited) @executable_path/Frameworks @loader_path/Frameworks";
				PRODUCT_NAME = "$(TARGET_NAME)";
				TEST_HOST = "$(BUILT_PRODUCTS_DIR)/Outlets.app/Outlets";
			};
			name = Debug;
		};
		13BD2A9D1B15099A00BB784E /* Release */ = {
			isa = XCBuildConfiguration;
			buildSettings = {
				BUNDLE_LOADER = "$(TEST_HOST)";
				FRAMEWORK_SEARCH_PATHS = (
					"$(SDKROOT)/Developer/Library/Frameworks",
					"$(inherited)",
				);
				INFOPLIST_FILE = OutletsTests/Info.plist;
				LD_RUNPATH_SEARCH_PATHS = "$(inherited) @executable_path/Frameworks @loader_path/Frameworks";
				PRODUCT_NAME = "$(TARGET_NAME)";
				TEST_HOST = "$(BUILT_PRODUCTS_DIR)/Outlets.app/Outlets";
			};
			name = Release;
		};
/* End XCBuildConfiguration section */

/* Begin XCConfigurationList section */
		13BD2A701B15099A00BB784E /* Build configuration list for PBXProject "Outlets" */ = {
			isa = XCConfigurationList;
			buildConfigurations = (
				13BD2A961B15099A00BB784E /* Debug */,
				13BD2A971B15099A00BB784E /* Release */,
			);
			defaultConfigurationIsVisible = 0;
			defaultConfigurationName = Release;
		};
		13BD2A981B15099A00BB784E /* Build configuration list for PBXNativeTarget "Outlets" */ = {
			isa = XCConfigurationList;
			buildConfigurations = (
				13BD2A991B15099A00BB784E /* Debug */,
				13BD2A9A1B15099A00BB784E /* Release */,
			);
			defaultConfigurationIsVisible = 0;
		};
		13BD2A9B1B15099A00BB784E /* Build configuration list for PBXNativeTarget "OutletsTests" */ = {
			isa = XCConfigurationList;
			buildConfigurations = (
				13BD2A9C1B15099A00BB784E /* Debug */,
				13BD2A9D1B15099A00BB784E /* Release */,
			);
			defaultConfigurationIsVisible = 0;
		};
/* End XCConfigurationList section */
	};
	rootObject = 13BD2A6D1B15099A00BB784E /* Project object */;
}
