// !$*UTF8*$!
{
	archiveVersion = 1;
	classes = {
	};
	objectVersion = 46;
	objects = {

/* Begin PBXBuildFile section */
		131504F81ACC8C51002898FC /* main.m in Sources */ = {isa = PBXBuildFile; fileRef = 131504F71ACC8C51002898FC /* main.m */; };
		131504FB1ACC8C51002898FC /* AppDelegate.m in Sources */ = {isa = PBXBuildFile; fileRef = 131504FA1ACC8C51002898FC /* AppDelegate.m */; };
		131504FE1ACC8C51002898FC /* ViewController.m in Sources */ = {isa = PBXBuildFile; fileRef = 131504FD1ACC8C51002898FC /* ViewController.m */; };
		131505011ACC8C51002898FC /* Main.storyboard in Resources */ = {isa = PBXBuildFile; fileRef = 131504FF1ACC8C51002898FC /* Main.storyboard */; };
		131505031ACC8C51002898FC /* Images.xcassets in Resources */ = {isa = PBXBuildFile; fileRef = 131505021ACC8C51002898FC /* Images.xcassets */; };
		131505061ACC8C51002898FC /* LaunchScreen.xib in Resources */ = {isa = PBXBuildFile; fileRef = 131505041ACC8C51002898FC /* LaunchScreen.xib */; };
		131505121ACC8C51002898FC /* LessonTwoTests.m in Sources */ = {isa = PBXBuildFile; fileRef = 131505111ACC8C51002898FC /* LessonTwoTests.m */; };
		1315051D1ACC8D7E002898FC /* Start.m in Sources */ = {isa = PBXBuildFile; fileRef = 1315051C1ACC8D7E002898FC /* Start.m */; };
		13BA5B621AD4754300282B53 /* LTnextStep.m in Sources */ = {isa = PBXBuildFile; fileRef = 13BA5B611AD4754300282B53 /* LTnextStep.m */; };
/* End PBXBuildFile section */

/* Begin PBXContainerItemProxy section */
		1315050C1ACC8C51002898FC /* PBXContainerItemProxy */ = {
			isa = PBXContainerItemProxy;
			containerPortal = 131504EA1ACC8C50002898FC /* Project object */;
			proxyType = 1;
			remoteGlobalIDString = 131504F11ACC8C50002898FC;
			remoteInfo = LessonTwo;
		};
/* End PBXContainerItemProxy section */

/* Begin PBXFileReference section */
		131504F21ACC8C50002898FC /* LessonTwo.app */ = {isa = PBXFileReference; explicitFileType = wrapper.application; includeInIndex = 0; path = LessonTwo.app; sourceTree = BUILT_PRODUCTS_DIR; };
		131504F61ACC8C51002898FC /* Info.plist */ = {isa = PBXFileReference; lastKnownFileType = text.plist.xml; path = Info.plist; sourceTree = "<group>"; };
		131504F71ACC8C51002898FC /* main.m */ = {isa = PBXFileReference; lastKnownFileType = sourcecode.c.objc; path = main.m; sourceTree = "<group>"; };
		131504F91ACC8C51002898FC /* AppDelegate.h */ = {isa = PBXFileReference; lastKnownFileType = sourcecode.c.h; path = AppDelegate.h; sourceTree = "<group>"; };
		131504FA1ACC8C51002898FC /* AppDelegate.m */ = {isa = PBXFileReference; lastKnownFileType = sourcecode.c.objc; path = AppDelegate.m; sourceTree = "<group>"; };
		131504FC1ACC8C51002898FC /* ViewController.h */ = {isa = PBXFileReference; lastKnownFileType = sourcecode.c.h; path = ViewController.h; sourceTree = "<group>"; };
		131504FD1ACC8C51002898FC /* ViewController.m */ = {isa = PBXFileReference; lastKnownFileType = sourcecode.c.objc; path = ViewController.m; sourceTree = "<group>"; };
		131505001ACC8C51002898FC /* Base */ = {isa = PBXFileReference; lastKnownFileType = file.storyboard; name = Base; path = Base.lproj/Main.storyboard; sourceTree = "<group>"; };
		131505021ACC8C51002898FC /* Images.xcassets */ = {isa = PBXFileReference; lastKnownFileType = folder.assetcatalog; path = Images.xcassets; sourceTree = "<group>"; };
		131505051ACC8C51002898FC /* Base */ = {isa = PBXFileReference; lastKnownFileType = file.xib; name = Base; path = Base.lproj/LaunchScreen.xib; sourceTree = "<group>"; };
		1315050B1ACC8C51002898FC /* LessonTwoTests.xctest */ = {isa = PBXFileReference; explicitFileType = wrapper.cfbundle; includeInIndex = 0; path = LessonTwoTests.xctest; sourceTree = BUILT_PRODUCTS_DIR; };
		131505101ACC8C51002898FC /* Info.plist */ = {isa = PBXFileReference; lastKnownFileType = text.plist.xml; path = Info.plist; sourceTree = "<group>"; };
		131505111ACC8C51002898FC /* LessonTwoTests.m */ = {isa = PBXFileReference; lastKnownFileType = sourcecode.c.objc; path = LessonTwoTests.m; sourceTree = "<group>"; };
		1315051B1ACC8D7E002898FC /* Start.h */ = {isa = PBXFileReference; fileEncoding = 4; lastKnownFileType = sourcecode.c.h; path = Start.h; sourceTree = "<group>"; };
		1315051C1ACC8D7E002898FC /* Start.m */ = {isa = PBXFileReference; fileEncoding = 4; lastKnownFileType = sourcecode.c.objc; path = Start.m; sourceTree = "<group>"; };
		13BA5B601AD4754300282B53 /* LTnextStep.h */ = {isa = PBXFileReference; fileEncoding = 4; lastKnownFileType = sourcecode.c.h; path = LTnextStep.h; sourceTree = "<group>"; };
		13BA5B611AD4754300282B53 /* LTnextStep.m */ = {isa = PBXFileReference; fileEncoding = 4; lastKnownFileType = sourcecode.c.objc; path = LTnextStep.m; sourceTree = "<group>"; };
/* End PBXFileReference section */

/* Begin PBXFrameworksBuildPhase section */
		131504EF1ACC8C50002898FC /* Frameworks */ = {
			isa = PBXFrameworksBuildPhase;
			buildActionMask = 2147483647;
			files = (
			);
			runOnlyForDeploymentPostprocessing = 0;
		};
		131505081ACC8C51002898FC /* Frameworks */ = {
			isa = PBXFrameworksBuildPhase;
			buildActionMask = 2147483647;
			files = (
			);
			runOnlyForDeploymentPostprocessing = 0;
		};
/* End PBXFrameworksBuildPhase section */

/* Begin PBXGroup section */
		131504E91ACC8C50002898FC = {
			isa = PBXGroup;
			children = (
				1315051E1ACC8D83002898FC /* Start */,
				131504F41ACC8C50002898FC /* LessonTwo */,
				1315050E1ACC8C51002898FC /* LessonTwoTests */,
				131504F31ACC8C50002898FC /* Products */,
			);
			sourceTree = "<group>";
		};
		131504F31ACC8C50002898FC /* Products */ = {
			isa = PBXGroup;
			children = (
				131504F21ACC8C50002898FC /* LessonTwo.app */,
				1315050B1ACC8C51002898FC /* LessonTwoTests.xctest */,
			);
			name = Products;
			sourceTree = "<group>";
		};
		131504F41ACC8C50002898FC /* LessonTwo */ = {
			isa = PBXGroup;
			children = (
				131504F91ACC8C51002898FC /* AppDelegate.h */,
				131504FA1ACC8C51002898FC /* AppDelegate.m */,
				131504FC1ACC8C51002898FC /* ViewController.h */,
				131504FD1ACC8C51002898FC /* ViewController.m */,
				131504FF1ACC8C51002898FC /* Main.storyboard */,
				131505021ACC8C51002898FC /* Images.xcassets */,
				131505041ACC8C51002898FC /* LaunchScreen.xib */,
				131504F51ACC8C50002898FC /* Supporting Files */,
			);
			path = LessonTwo;
			sourceTree = "<group>";
		};
		131504F51ACC8C50002898FC /* Supporting Files */ = {
			isa = PBXGroup;
			children = (
				131504F61ACC8C51002898FC /* Info.plist */,
				131504F71ACC8C51002898FC /* main.m */,
			);
			name = "Supporting Files";
			sourceTree = "<group>";
		};
		1315050E1ACC8C51002898FC /* LessonTwoTests */ = {
			isa = PBXGroup;
			children = (
				131505111ACC8C51002898FC /* LessonTwoTests.m */,
				1315050F1ACC8C51002898FC /* Supporting Files */,
			);
			path = LessonTwoTests;
			sourceTree = "<group>";
		};
		1315050F1ACC8C51002898FC /* Supporting Files */ = {
			isa = PBXGroup;
			children = (
				131505101ACC8C51002898FC /* Info.plist */,
			);
			name = "Supporting Files";
			sourceTree = "<group>";
		};
		1315051E1ACC8D83002898FC /* Start */ = {
			isa = PBXGroup;
			children = (
				1315051B1ACC8D7E002898FC /* Start.h */,
				1315051C1ACC8D7E002898FC /* Start.m */,
				13BA5B601AD4754300282B53 /* LTnextStep.h */,
				13BA5B611AD4754300282B53 /* LTnextStep.m */,
			);
			name = Start;
			sourceTree = "<group>";
		};
/* End PBXGroup section */

/* Begin PBXNativeTarget section */
		131504F11ACC8C50002898FC /* LessonTwo */ = {
			isa = PBXNativeTarget;
			buildConfigurationList = 131505151ACC8C51002898FC /* Build configuration list for PBXNativeTarget "LessonTwo" */;
			buildPhases = (
				131504EE1ACC8C50002898FC /* Sources */,
				131504EF1ACC8C50002898FC /* Frameworks */,
				131504F01ACC8C50002898FC /* Resources */,
			);
			buildRules = (
			);
			dependencies = (
			);
			name = LessonTwo;
			productName = LessonTwo;
			productReference = 131504F21ACC8C50002898FC /* LessonTwo.app */;
			productType = "com.apple.product-type.application";
		};
		1315050A1ACC8C51002898FC /* LessonTwoTests */ = {
			isa = PBXNativeTarget;
			buildConfigurationList = 131505181ACC8C51002898FC /* Build configuration list for PBXNativeTarget "LessonTwoTests" */;
			buildPhases = (
				131505071ACC8C51002898FC /* Sources */,
				131505081ACC8C51002898FC /* Frameworks */,
				131505091ACC8C51002898FC /* Resources */,
			);
			buildRules = (
			);
			dependencies = (
				1315050D1ACC8C51002898FC /* PBXTargetDependency */,
			);
			name = LessonTwoTests;
			productName = LessonTwoTests;
			productReference = 1315050B1ACC8C51002898FC /* LessonTwoTests.xctest */;
			productType = "com.apple.product-type.bundle.unit-test";
		};
/* End PBXNativeTarget section */

/* Begin PBXProject section */
		131504EA1ACC8C50002898FC /* Project object */ = {
			isa = PBXProject;
			attributes = {
				LastUpgradeCheck = 0610;
				ORGANIZATIONNAME = T;
				TargetAttributes = {
					131504F11ACC8C50002898FC = {
						CreatedOnToolsVersion = 6.1.1;
					};
					1315050A1ACC8C51002898FC = {
						CreatedOnToolsVersion = 6.1.1;
						TestTargetID = 131504F11ACC8C50002898FC;
					};
				};
			};
			buildConfigurationList = 131504ED1ACC8C50002898FC /* Build configuration list for PBXProject "LessonTwo" */;
			compatibilityVersion = "Xcode 3.2";
			developmentRegion = English;
			hasScannedForEncodings = 0;
			knownRegions = (
				en,
				Base,
			);
			mainGroup = 131504E91ACC8C50002898FC;
			productRefGroup = 131504F31ACC8C50002898FC /* Products */;
			projectDirPath = "";
			projectRoot = "";
			targets = (
				131504F11ACC8C50002898FC /* LessonTwo */,
				1315050A1ACC8C51002898FC /* LessonTwoTests */,
			);
		};
/* End PBXProject section */

/* Begin PBXResourcesBuildPhase section */
		131504F01ACC8C50002898FC /* Resources */ = {
			isa = PBXResourcesBuildPhase;
			buildActionMask = 2147483647;
			files = (
				131505011ACC8C51002898FC /* Main.storyboard in Resources */,
				131505061ACC8C51002898FC /* LaunchScreen.xib in Resources */,
				131505031ACC8C51002898FC /* Images.xcassets in Resources */,
			);
			runOnlyForDeploymentPostprocessing = 0;
		};
		131505091ACC8C51002898FC /* Resources */ = {
			isa = PBXResourcesBuildPhase;
			buildActionMask = 2147483647;
			files = (
			);
			runOnlyForDeploymentPostprocessing = 0;
		};
/* End PBXResourcesBuildPhase section */

/* Begin PBXSourcesBuildPhase section */
		131504EE1ACC8C50002898FC /* Sources */ = {
			isa = PBXSourcesBuildPhase;
			buildActionMask = 2147483647;
			files = (
				1315051D1ACC8D7E002898FC /* Start.m in Sources */,
				131504FE1ACC8C51002898FC /* ViewController.m in Sources */,
				131504FB1ACC8C51002898FC /* AppDelegate.m in Sources */,
				131504F81ACC8C51002898FC /* main.m in Sources */,
				13BA5B621AD4754300282B53 /* LTnextStep.m in Sources */,
			);
			runOnlyForDeploymentPostprocessing = 0;
		};
		131505071ACC8C51002898FC /* Sources */ = {
			isa = PBXSourcesBuildPhase;
			buildActionMask = 2147483647;
			files = (
				131505121ACC8C51002898FC /* LessonTwoTests.m in Sources */,
			);
			runOnlyForDeploymentPostprocessing = 0;
		};
/* End PBXSourcesBuildPhase section */

/* Begin PBXTargetDependency section */
		1315050D1ACC8C51002898FC /* PBXTargetDependency */ = {
			isa = PBXTargetDependency;
			target = 131504F11ACC8C50002898FC /* LessonTwo */;
			targetProxy = 1315050C1ACC8C51002898FC /* PBXContainerItemProxy */;
		};
/* End PBXTargetDependency section */

/* Begin PBXVariantGroup section */
		131504FF1ACC8C51002898FC /* Main.storyboard */ = {
			isa = PBXVariantGroup;
			children = (
				131505001ACC8C51002898FC /* Base */,
			);
			name = Main.storyboard;
			sourceTree = "<group>";
		};
		131505041ACC8C51002898FC /* LaunchScreen.xib */ = {
			isa = PBXVariantGroup;
			children = (
				131505051ACC8C51002898FC /* Base */,
			);
			name = LaunchScreen.xib;
			sourceTree = "<group>";
		};
/* End PBXVariantGroup section */

/* Begin XCBuildConfiguration section */
		131505131ACC8C51002898FC /* Debug */ = {
			isa = XCBuildConfiguration;
			buildSettings = {
				ALWAYS_SEARCH_USER_PATHS = NO;
				CLANG_CXX_LANGUAGE_STANDARD = "gnu++0x";
				CLANG_CXX_LIBRARY = "libc++";
				CLANG_ENABLE_MODULES = YES;
				CLANG_ENABLE_OBJC_ARC = YES;
				CLANG_WARN_BOOL_CONVERSION = YES;
				CLANG_WARN_CONSTANT_CONVERSION = YES;
				CLANG_WARN_DIRECT_OBJC_ISA_USAGE = YES_ERROR;
				CLANG_WARN_EMPTY_BODY = YES;
				CLANG_WARN_ENUM_CONVERSION = YES;
				CLANG_WARN_INT_CONVERSION = YES;
				CLANG_WARN_OBJC_ROOT_CLASS = YES_ERROR;
				CLANG_WARN_UNREACHABLE_CODE = YES;
				CLANG_WARN__DUPLICATE_METHOD_MATCH = YES;
				"CODE_SIGN_IDENTITY[sdk=iphoneos*]" = "iPhone Developer";
				COPY_PHASE_STRIP = NO;
				ENABLE_STRICT_OBJC_MSGSEND = YES;
				GCC_C_LANGUAGE_STANDARD = gnu99;
				GCC_DYNAMIC_NO_PIC = NO;
				GCC_OPTIMIZATION_LEVEL = 0;
				GCC_PREPROCESSOR_DEFINITIONS = (
					"DEBUG=1",
					"$(inherited)",
				);
				GCC_SYMBOLS_PRIVATE_EXTERN = NO;
				GCC_WARN_64_TO_32_BIT_CONVERSION = YES;
				GCC_WARN_ABOUT_RETURN_TYPE = YES_ERROR;
				GCC_WARN_UNDECLARED_SELECTOR = YES;
				GCC_WARN_UNINITIALIZED_AUTOS = YES_AGGRESSIVE;
				GCC_WARN_UNUSED_FUNCTION = YES;
				GCC_WARN_UNUSED_VARIABLE = YES;
				IPHONEOS_DEPLOYMENT_TARGET = 8.1;
				MTL_ENABLE_DEBUG_INFO = YES;
				ONLY_ACTIVE_ARCH = YES;
				SDKROOT = iphoneos;
			};
			name = Debug;
		};
		131505141ACC8C51002898FC /* Release */ = {
			isa = XCBuildConfiguration;
			buildSettings = {
				ALWAYS_SEARCH_USER_PATHS = NO;
				CLANG_CXX_LANGUAGE_STANDARD = "gnu++0x";
				CLANG_CXX_LIBRARY = "libc++";
				CLANG_ENABLE_MODULES = YES;
				CLANG_ENABLE_OBJC_ARC = YES;
				CLANG_WARN_BOOL_CONVERSION = YES;
				CLANG_WARN_CONSTANT_CONVERSION = YES;
				CLANG_WARN_DIRECT_OBJC_ISA_USAGE = YES_ERROR;
				CLANG_WARN_EMPTY_BODY = YES;
				CLANG_WARN_ENUM_CONVERSION = YES;
				CLANG_WARN_INT_CONVERSION = YES;
				CLANG_WARN_OBJC_ROOT_CLASS = YES_ERROR;
				CLANG_WARN_UNREACHABLE_CODE = YES;
				CLANG_WARN__DUPLICATE_METHOD_MATCH = YES;
				"CODE_SIGN_IDENTITY[sdk=iphoneos*]" = "iPhone Developer";
				COPY_PHASE_STRIP = YES;
				ENABLE_NS_ASSERTIONS = NO;
				ENABLE_STRICT_OBJC_MSGSEND = YES;
				GCC_C_LANGUAGE_STANDARD = gnu99;
				GCC_WARN_64_TO_32_BIT_CONVERSION = YES;
				GCC_WARN_ABOUT_RETURN_TYPE = YES_ERROR;
				GCC_WARN_UNDECLARED_SELECTOR = YES;
				GCC_WARN_UNINITIALIZED_AUTOS = YES_AGGRESSIVE;
				GCC_WARN_UNUSED_FUNCTION = YES;
				GCC_WARN_UNUSED_VARIABLE = YES;
				IPHONEOS_DEPLOYMENT_TARGET = 8.1;
				MTL_ENABLE_DEBUG_INFO = NO;
				SDKROOT = iphoneos;
				VALIDATE_PRODUCT = YES;
			};
			name = Release;
		};
		131505161ACC8C51002898FC /* Debug */ = {
			isa = XCBuildConfiguration;
			buildSettings = {
				ASSETCATALOG_COMPILER_APPICON_NAME = AppIcon;
				INFOPLIST_FILE = LessonTwo/Info.plist;
				LD_RUNPATH_SEARCH_PATHS = "$(inherited) @executable_path/Frameworks";
				PRODUCT_NAME = "$(TARGET_NAME)";
			};
			name = Debug;
		};
		131505171ACC8C51002898FC /* Release */ = {
			isa = XCBuildConfiguration;
			buildSettings = {
				ASSETCATALOG_COMPILER_APPICON_NAME = AppIcon;
				INFOPLIST_FILE = LessonTwo/Info.plist;
				LD_RUNPATH_SEARCH_PATHS = "$(inherited) @executable_path/Frameworks";
				PRODUCT_NAME = "$(TARGET_NAME)";
			};
			name = Release;
		};
		131505191ACC8C51002898FC /* Debug */ = {
			isa = XCBuildConfiguration;
			buildSettings = {
				BUNDLE_LOADER = "$(TEST_HOST)";
				FRAMEWORK_SEARCH_PATHS = (
					"$(SDKROOT)/Developer/Library/Frameworks",
					"$(inherited)",
				);
				GCC_PREPROCESSOR_DEFINITIONS = (
					"DEBUG=1",
					"$(inherited)",
				);
				INFOPLIST_FILE = LessonTwoTests/Info.plist;
				LD_RUNPATH_SEARCH_PATHS = "$(inherited) @executable_path/Frameworks @loader_path/Frameworks";
				PRODUCT_NAME = "$(TARGET_NAME)";
				TEST_HOST = "$(BUILT_PRODUCTS_DIR)/LessonTwo.app/LessonTwo";
			};
			name = Debug;
		};
		1315051A1ACC8C51002898FC /* Release */ = {
			isa = XCBuildConfiguration;
			buildSettings = {
				BUNDLE_LOADER = "$(TEST_HOST)";
				FRAMEWORK_SEARCH_PATHS = (
					"$(SDKROOT)/Developer/Library/Frameworks",
					"$(inherited)",
				);
				INFOPLIST_FILE = LessonTwoTests/Info.plist;
				LD_RUNPATH_SEARCH_PATHS = "$(inherited) @executable_path/Frameworks @loader_path/Frameworks";
				PRODUCT_NAME = "$(TARGET_NAME)";
				TEST_HOST = "$(BUILT_PRODUCTS_DIR)/LessonTwo.app/LessonTwo";
			};
			name = Release;
		};
/* End XCBuildConfiguration section */

/* Begin XCConfigurationList section */
		131504ED1ACC8C50002898FC /* Build configuration list for PBXProject "LessonTwo" */ = {
			isa = XCConfigurationList;
			buildConfigurations = (
				131505131ACC8C51002898FC /* Debug */,
				131505141ACC8C51002898FC /* Release */,
			);
			defaultConfigurationIsVisible = 0;
			defaultConfigurationName = Release;
		};
		131505151ACC8C51002898FC /* Build configuration list for PBXNativeTarget "LessonTwo" */ = {
			isa = XCConfigurationList;
			buildConfigurations = (
				131505161ACC8C51002898FC /* Debug */,
				131505171ACC8C51002898FC /* Release */,
			);
			defaultConfigurationIsVisible = 0;
			defaultConfigurationName = Release;
		};
		131505181ACC8C51002898FC /* Build configuration list for PBXNativeTarget "LessonTwoTests" */ = {
			isa = XCConfigurationList;
			buildConfigurations = (
				131505191ACC8C51002898FC /* Debug */,
				1315051A1ACC8C51002898FC /* Release */,
			);
			defaultConfigurationIsVisible = 0;
			defaultConfigurationName = Release;
		};
/* End XCConfigurationList section */
	};
	rootObject = 131504EA1ACC8C50002898FC /* Project object */;
}
