// !$*UTF8*$!
{
	archiveVersion = 1;
	classes = {
	};
	objectVersion = 46;
	objects = {

/* Begin PBXBuildFile section */
		1366DF851AD86600001BEB65 /* Unnamed.m in Sources */ = {isa = PBXBuildFile; fileRef = 1366DF841AD86600001BEB65 /* Unnamed.m */; };
		1366DF891AD8E30C001BEB65 /* DetailViewController.m in Sources */ = {isa = PBXBuildFile; fileRef = 1366DF881AD8E30C001BEB65 /* DetailViewController.m */; };
		1366DF8D1AD8F102001BEB65 /* Разумных.png in Resources */ = {isa = PBXBuildFile; fileRef = 1366DF8A1AD8F102001BEB65 /* Разумных.png */; };
		1366DF8E1AD8F102001BEB65 /* Ленивых.jpg in Resources */ = {isa = PBXBuildFile; fileRef = 1366DF8B1AD8F102001BEB65 /* Ленивых.jpg */; };
		1366DF8F1AD8F102001BEB65 /* Упорных.png in Resources */ = {isa = PBXBuildFile; fileRef = 1366DF8C1AD8F102001BEB65 /* Упорных.png */; };
		13AB6A601ADD90F900E6D6CA /* Серьезных.jpg in Resources */ = {isa = PBXBuildFile; fileRef = 13AB6A581ADD90F900E6D6CA /* Серьезных.jpg */; };
		13AB6A611ADD90F900E6D6CA /* Умных.jpg in Resources */ = {isa = PBXBuildFile; fileRef = 13AB6A591ADD90F900E6D6CA /* Умных.jpg */; };
		13AB6A621ADD90F900E6D6CA /* Веселых.jpg in Resources */ = {isa = PBXBuildFile; fileRef = 13AB6A5A1ADD90F900E6D6CA /* Веселых.jpg */; };
		13AB6A631ADD90F900E6D6CA /* Милых.jpg in Resources */ = {isa = PBXBuildFile; fileRef = 13AB6A5B1ADD90F900E6D6CA /* Милых.jpg */; };
		13AB6A641ADD90F900E6D6CA /* Развязных.jpg in Resources */ = {isa = PBXBuildFile; fileRef = 13AB6A5C1ADD90F900E6D6CA /* Развязных.jpg */; };
		13AB6A651ADD90F900E6D6CA /* Мелочных.jpg in Resources */ = {isa = PBXBuildFile; fileRef = 13AB6A5D1ADD90F900E6D6CA /* Мелочных.jpg */; };
		13AB6A661ADD90F900E6D6CA /* Забавных.jpg in Resources */ = {isa = PBXBuildFile; fileRef = 13AB6A5E1ADD90F900E6D6CA /* Забавных.jpg */; };
		13AB6A671ADD90F900E6D6CA /* Глупых.jpg in Resources */ = {isa = PBXBuildFile; fileRef = 13AB6A5F1ADD90F900E6D6CA /* Глупых.jpg */; };
		13AB6A6B1ADEC9C600E6D6CA /* CustomTableViewCell.m in Sources */ = {isa = PBXBuildFile; fileRef = 13AB6A6A1ADEC9C600E6D6CA /* CustomTableViewCell.m */; };
		13C76FDD1AD8611000CAACBC /* main.m in Sources */ = {isa = PBXBuildFile; fileRef = 13C76FDC1AD8611000CAACBC /* main.m */; };
		13C76FE01AD8611000CAACBC /* AppDelegate.m in Sources */ = {isa = PBXBuildFile; fileRef = 13C76FDF1AD8611000CAACBC /* AppDelegate.m */; };
		13C76FE31AD8611000CAACBC /* ViewController.m in Sources */ = {isa = PBXBuildFile; fileRef = 13C76FE21AD8611000CAACBC /* ViewController.m */; };
		13C76FE61AD8611000CAACBC /* Main.storyboard in Resources */ = {isa = PBXBuildFile; fileRef = 13C76FE41AD8611000CAACBC /* Main.storyboard */; };
		13C76FE81AD8611000CAACBC /* Images.xcassets in Resources */ = {isa = PBXBuildFile; fileRef = 13C76FE71AD8611000CAACBC /* Images.xcassets */; };
		13C76FEB1AD8611000CAACBC /* LaunchScreen.xib in Resources */ = {isa = PBXBuildFile; fileRef = 13C76FE91AD8611000CAACBC /* LaunchScreen.xib */; };
		13C76FF71AD8611000CAACBC /* Lesson4_1Tests.m in Sources */ = {isa = PBXBuildFile; fileRef = 13C76FF61AD8611000CAACBC /* Lesson4_1Tests.m */; };
/* End PBXBuildFile section */

/* Begin PBXContainerItemProxy section */
		13C76FF11AD8611000CAACBC /* PBXContainerItemProxy */ = {
			isa = PBXContainerItemProxy;
			containerPortal = 13C76FCF1AD8610F00CAACBC /* Project object */;
			proxyType = 1;
			remoteGlobalIDString = 13C76FD61AD8611000CAACBC;
			remoteInfo = Lesson4.1;
		};
/* End PBXContainerItemProxy section */

/* Begin PBXFileReference section */
		1366DF831AD86600001BEB65 /* Unnamed.h */ = {isa = PBXFileReference; fileEncoding = 4; lastKnownFileType = sourcecode.c.h; path = Unnamed.h; sourceTree = "<group>"; };
		1366DF841AD86600001BEB65 /* Unnamed.m */ = {isa = PBXFileReference; fileEncoding = 4; lastKnownFileType = sourcecode.c.objc; path = Unnamed.m; sourceTree = "<group>"; };
		1366DF871AD8E30C001BEB65 /* DetailViewController.h */ = {isa = PBXFileReference; fileEncoding = 4; lastKnownFileType = sourcecode.c.h; path = DetailViewController.h; sourceTree = "<group>"; };
		1366DF881AD8E30C001BEB65 /* DetailViewController.m */ = {isa = PBXFileReference; fileEncoding = 4; lastKnownFileType = sourcecode.c.objc; path = DetailViewController.m; sourceTree = "<group>"; };
		1366DF8A1AD8F102001BEB65 /* Разумных.png */ = {isa = PBXFileReference; lastKnownFileType = image.png; path = "Разумных.png"; sourceTree = "<group>"; };
		1366DF8B1AD8F102001BEB65 /* Ленивых.jpg */ = {isa = PBXFileReference; lastKnownFileType = image.jpeg; path = "Ленивых.jpg"; sourceTree = "<group>"; };
		1366DF8C1AD8F102001BEB65 /* Упорных.png */ = {isa = PBXFileReference; lastKnownFileType = image.png; path = "Упорных.png"; sourceTree = "<group>"; };
		13AB6A581ADD90F900E6D6CA /* Серьезных.jpg */ = {isa = PBXFileReference; lastKnownFileType = image.jpeg; path = "Серьезных.jpg"; sourceTree = "<group>"; };
		13AB6A591ADD90F900E6D6CA /* Умных.jpg */ = {isa = PBXFileReference; lastKnownFileType = image.jpeg; path = "Умных.jpg"; sourceTree = "<group>"; };
		13AB6A5A1ADD90F900E6D6CA /* Веселых.jpg */ = {isa = PBXFileReference; lastKnownFileType = image.jpeg; path = "Веселых.jpg"; sourceTree = "<group>"; };
		13AB6A5B1ADD90F900E6D6CA /* Милых.jpg */ = {isa = PBXFileReference; lastKnownFileType = image.jpeg; path = "Милых.jpg"; sourceTree = "<group>"; };
		13AB6A5C1ADD90F900E6D6CA /* Развязных.jpg */ = {isa = PBXFileReference; lastKnownFileType = image.jpeg; path = "Развязных.jpg"; sourceTree = "<group>"; };
		13AB6A5D1ADD90F900E6D6CA /* Мелочных.jpg */ = {isa = PBXFileReference; lastKnownFileType = image.jpeg; path = "Мелочных.jpg"; sourceTree = "<group>"; };
		13AB6A5E1ADD90F900E6D6CA /* Забавных.jpg */ = {isa = PBXFileReference; lastKnownFileType = image.jpeg; path = "Забавных.jpg"; sourceTree = "<group>"; };
		13AB6A5F1ADD90F900E6D6CA /* Глупых.jpg */ = {isa = PBXFileReference; lastKnownFileType = image.jpeg; path = "Глупых.jpg"; sourceTree = "<group>"; };
		13AB6A691ADEC9C600E6D6CA /* CustomTableViewCell.h */ = {isa = PBXFileReference; fileEncoding = 4; lastKnownFileType = sourcecode.c.h; path = CustomTableViewCell.h; sourceTree = "<group>"; };
		13AB6A6A1ADEC9C600E6D6CA /* CustomTableViewCell.m */ = {isa = PBXFileReference; fileEncoding = 4; lastKnownFileType = sourcecode.c.objc; path = CustomTableViewCell.m; sourceTree = "<group>"; };
		13C76FD71AD8611000CAACBC /* Lesson4.1.app */ = {isa = PBXFileReference; explicitFileType = wrapper.application; includeInIndex = 0; path = Lesson4.1.app; sourceTree = BUILT_PRODUCTS_DIR; };
		13C76FDB1AD8611000CAACBC /* Info.plist */ = {isa = PBXFileReference; lastKnownFileType = text.plist.xml; path = Info.plist; sourceTree = "<group>"; };
		13C76FDC1AD8611000CAACBC /* main.m */ = {isa = PBXFileReference; lastKnownFileType = sourcecode.c.objc; path = main.m; sourceTree = "<group>"; };
		13C76FDE1AD8611000CAACBC /* AppDelegate.h */ = {isa = PBXFileReference; lastKnownFileType = sourcecode.c.h; path = AppDelegate.h; sourceTree = "<group>"; };
		13C76FDF1AD8611000CAACBC /* AppDelegate.m */ = {isa = PBXFileReference; lastKnownFileType = sourcecode.c.objc; path = AppDelegate.m; sourceTree = "<group>"; };
		13C76FE11AD8611000CAACBC /* ViewController.h */ = {isa = PBXFileReference; lastKnownFileType = sourcecode.c.h; path = ViewController.h; sourceTree = "<group>"; };
		13C76FE21AD8611000CAACBC /* ViewController.m */ = {isa = PBXFileReference; lastKnownFileType = sourcecode.c.objc; path = ViewController.m; sourceTree = "<group>"; };
		13C76FE51AD8611000CAACBC /* Base */ = {isa = PBXFileReference; lastKnownFileType = file.storyboard; name = Base; path = Base.lproj/Main.storyboard; sourceTree = "<group>"; };
		13C76FE71AD8611000CAACBC /* Images.xcassets */ = {isa = PBXFileReference; lastKnownFileType = folder.assetcatalog; path = Images.xcassets; sourceTree = "<group>"; };
		13C76FEA1AD8611000CAACBC /* Base */ = {isa = PBXFileReference; lastKnownFileType = file.xib; name = Base; path = Base.lproj/LaunchScreen.xib; sourceTree = "<group>"; };
		13C76FF01AD8611000CAACBC /* Lesson4.1Tests.xctest */ = {isa = PBXFileReference; explicitFileType = wrapper.cfbundle; includeInIndex = 0; path = Lesson4.1Tests.xctest; sourceTree = BUILT_PRODUCTS_DIR; };
		13C76FF51AD8611000CAACBC /* Info.plist */ = {isa = PBXFileReference; lastKnownFileType = text.plist.xml; path = Info.plist; sourceTree = "<group>"; };
		13C76FF61AD8611000CAACBC /* Lesson4_1Tests.m */ = {isa = PBXFileReference; lastKnownFileType = sourcecode.c.objc; path = Lesson4_1Tests.m; sourceTree = "<group>"; };
/* End PBXFileReference section */

/* Begin PBXFrameworksBuildPhase section */
		13C76FD41AD8611000CAACBC /* Frameworks */ = {
			isa = PBXFrameworksBuildPhase;
			buildActionMask = 2147483647;
			files = (
			);
			runOnlyForDeploymentPostprocessing = 0;
		};
		13C76FED1AD8611000CAACBC /* Frameworks */ = {
			isa = PBXFrameworksBuildPhase;
			buildActionMask = 2147483647;
			files = (
			);
			runOnlyForDeploymentPostprocessing = 0;
		};
/* End PBXFrameworksBuildPhase section */

/* Begin PBXGroup section */
		1366DF861AD8E2CF001BEB65 /* DetailView */ = {
			isa = PBXGroup;
			children = (
				1366DF8A1AD8F102001BEB65 /* Разумных.png */,
				1366DF8B1AD8F102001BEB65 /* Ленивых.jpg */,
				1366DF8C1AD8F102001BEB65 /* Упорных.png */,
				13AB6A581ADD90F900E6D6CA /* Серьезных.jpg */,
				13AB6A591ADD90F900E6D6CA /* Умных.jpg */,
				13AB6A5A1ADD90F900E6D6CA /* Веселых.jpg */,
				13AB6A5B1ADD90F900E6D6CA /* Милых.jpg */,
				13AB6A5C1ADD90F900E6D6CA /* Развязных.jpg */,
				13AB6A5D1ADD90F900E6D6CA /* Мелочных.jpg */,
				13AB6A5E1ADD90F900E6D6CA /* Забавных.jpg */,
				13AB6A5F1ADD90F900E6D6CA /* Глупых.jpg */,
				1366DF871AD8E30C001BEB65 /* DetailViewController.h */,
				1366DF881AD8E30C001BEB65 /* DetailViewController.m */,
			);
			name = DetailView;
			sourceTree = "<group>";
		};
		13AB6A681ADEC96000E6D6CA /* CustomCell */ = {
			isa = PBXGroup;
			children = (
				13AB6A691ADEC9C600E6D6CA /* CustomTableViewCell.h */,
				13AB6A6A1ADEC9C600E6D6CA /* CustomTableViewCell.m */,
			);
			name = CustomCell;
			sourceTree = "<group>";
		};
		13C76FCE1AD8610F00CAACBC = {
			isa = PBXGroup;
			children = (
				1366DF861AD8E2CF001BEB65 /* DetailView */,
				1366DF831AD86600001BEB65 /* Unnamed.h */,
				1366DF841AD86600001BEB65 /* Unnamed.m */,
				13C76FD91AD8611000CAACBC /* Lesson4.1 */,
				13C76FF31AD8611000CAACBC /* Lesson4.1Tests */,
				13C76FD81AD8611000CAACBC /* Products */,
			);
			sourceTree = "<group>";
		};
		13C76FD81AD8611000CAACBC /* Products */ = {
			isa = PBXGroup;
			children = (
				13C76FD71AD8611000CAACBC /* Lesson4.1.app */,
				13C76FF01AD8611000CAACBC /* Lesson4.1Tests.xctest */,
			);
			name = Products;
			sourceTree = "<group>";
		};
		13C76FD91AD8611000CAACBC /* Lesson4.1 */ = {
			isa = PBXGroup;
			children = (
				13AB6A681ADEC96000E6D6CA /* CustomCell */,
				13C76FDE1AD8611000CAACBC /* AppDelegate.h */,
				13C76FDF1AD8611000CAACBC /* AppDelegate.m */,
				13C76FE11AD8611000CAACBC /* ViewController.h */,
				13C76FE21AD8611000CAACBC /* ViewController.m */,
				13C76FE41AD8611000CAACBC /* Main.storyboard */,
				13C76FE71AD8611000CAACBC /* Images.xcassets */,
				13C76FE91AD8611000CAACBC /* LaunchScreen.xib */,
				13C76FDA1AD8611000CAACBC /* Supporting Files */,
			);
			path = Lesson4.1;
			sourceTree = "<group>";
		};
		13C76FDA1AD8611000CAACBC /* Supporting Files */ = {
			isa = PBXGroup;
			children = (
				13C76FDB1AD8611000CAACBC /* Info.plist */,
				13C76FDC1AD8611000CAACBC /* main.m */,
			);
			name = "Supporting Files";
			sourceTree = "<group>";
		};
		13C76FF31AD8611000CAACBC /* Lesson4.1Tests */ = {
			isa = PBXGroup;
			children = (
				13C76FF61AD8611000CAACBC /* Lesson4_1Tests.m */,
				13C76FF41AD8611000CAACBC /* Supporting Files */,
			);
			path = Lesson4.1Tests;
			sourceTree = "<group>";
		};
		13C76FF41AD8611000CAACBC /* Supporting Files */ = {
			isa = PBXGroup;
			children = (
				13C76FF51AD8611000CAACBC /* Info.plist */,
			);
			name = "Supporting Files";
			sourceTree = "<group>";
		};
/* End PBXGroup section */

/* Begin PBXNativeTarget section */
		13C76FD61AD8611000CAACBC /* Lesson4.1 */ = {
			isa = PBXNativeTarget;
			buildConfigurationList = 13C76FFA1AD8611000CAACBC /* Build configuration list for PBXNativeTarget "Lesson4.1" */;
			buildPhases = (
				13C76FD31AD8611000CAACBC /* Sources */,
				13C76FD41AD8611000CAACBC /* Frameworks */,
				13C76FD51AD8611000CAACBC /* Resources */,
			);
			buildRules = (
			);
			dependencies = (
			);
			name = Lesson4.1;
			productName = Lesson4.1;
			productReference = 13C76FD71AD8611000CAACBC /* Lesson4.1.app */;
			productType = "com.apple.product-type.application";
		};
		13C76FEF1AD8611000CAACBC /* Lesson4.1Tests */ = {
			isa = PBXNativeTarget;
			buildConfigurationList = 13C76FFD1AD8611000CAACBC /* Build configuration list for PBXNativeTarget "Lesson4.1Tests" */;
			buildPhases = (
				13C76FEC1AD8611000CAACBC /* Sources */,
				13C76FED1AD8611000CAACBC /* Frameworks */,
				13C76FEE1AD8611000CAACBC /* Resources */,
			);
			buildRules = (
			);
			dependencies = (
				13C76FF21AD8611000CAACBC /* PBXTargetDependency */,
			);
			name = Lesson4.1Tests;
			productName = Lesson4.1Tests;
			productReference = 13C76FF01AD8611000CAACBC /* Lesson4.1Tests.xctest */;
			productType = "com.apple.product-type.bundle.unit-test";
		};
/* End PBXNativeTarget section */

/* Begin PBXProject section */
		13C76FCF1AD8610F00CAACBC /* Project object */ = {
			isa = PBXProject;
			attributes = {
				LastUpgradeCheck = 0610;
				ORGANIZATIONNAME = T;
				TargetAttributes = {
					13C76FD61AD8611000CAACBC = {
						CreatedOnToolsVersion = 6.1.1;
					};
					13C76FEF1AD8611000CAACBC = {
						CreatedOnToolsVersion = 6.1.1;
						TestTargetID = 13C76FD61AD8611000CAACBC;
					};
				};
			};
			buildConfigurationList = 13C76FD21AD8610F00CAACBC /* Build configuration list for PBXProject "Lesson4.1" */;
			compatibilityVersion = "Xcode 3.2";
			developmentRegion = English;
			hasScannedForEncodings = 0;
			knownRegions = (
				en,
				Base,
			);
			mainGroup = 13C76FCE1AD8610F00CAACBC;
			productRefGroup = 13C76FD81AD8611000CAACBC /* Products */;
			projectDirPath = "";
			projectRoot = "";
			targets = (
				13C76FD61AD8611000CAACBC /* Lesson4.1 */,
				13C76FEF1AD8611000CAACBC /* Lesson4.1Tests */,
			);
		};
/* End PBXProject section */

/* Begin PBXResourcesBuildPhase section */
		13C76FD51AD8611000CAACBC /* Resources */ = {
			isa = PBXResourcesBuildPhase;
			buildActionMask = 2147483647;
			files = (
				13C76FE61AD8611000CAACBC /* Main.storyboard in Resources */,
				13AB6A601ADD90F900E6D6CA /* Серьезных.jpg in Resources */,
				13C76FEB1AD8611000CAACBC /* LaunchScreen.xib in Resources */,
				13C76FE81AD8611000CAACBC /* Images.xcassets in Resources */,
				13AB6A671ADD90F900E6D6CA /* Глупых.jpg in Resources */,
				13AB6A621ADD90F900E6D6CA /* Веселых.jpg in Resources */,
				1366DF8D1AD8F102001BEB65 /* Разумных.png in Resources */,
				13AB6A651ADD90F900E6D6CA /* Мелочных.jpg in Resources */,
				13AB6A641ADD90F900E6D6CA /* Развязных.jpg in Resources */,
				1366DF8E1AD8F102001BEB65 /* Ленивых.jpg in Resources */,
				1366DF8F1AD8F102001BEB65 /* Упорных.png in Resources */,
				13AB6A631ADD90F900E6D6CA /* Милых.jpg in Resources */,
				13AB6A611ADD90F900E6D6CA /* Умных.jpg in Resources */,
				13AB6A661ADD90F900E6D6CA /* Забавных.jpg in Resources */,
			);
			runOnlyForDeploymentPostprocessing = 0;
		};
		13C76FEE1AD8611000CAACBC /* Resources */ = {
			isa = PBXResourcesBuildPhase;
			buildActionMask = 2147483647;
			files = (
			);
			runOnlyForDeploymentPostprocessing = 0;
		};
/* End PBXResourcesBuildPhase section */

/* Begin PBXSourcesBuildPhase section */
		13C76FD31AD8611000CAACBC /* Sources */ = {
			isa = PBXSourcesBuildPhase;
			buildActionMask = 2147483647;
			files = (
				1366DF891AD8E30C001BEB65 /* DetailViewController.m in Sources */,
				1366DF851AD86600001BEB65 /* Unnamed.m in Sources */,
				13AB6A6B1ADEC9C600E6D6CA /* CustomTableViewCell.m in Sources */,
				13C76FE31AD8611000CAACBC /* ViewController.m in Sources */,
				13C76FE01AD8611000CAACBC /* AppDelegate.m in Sources */,
				13C76FDD1AD8611000CAACBC /* main.m in Sources */,
			);
			runOnlyForDeploymentPostprocessing = 0;
		};
		13C76FEC1AD8611000CAACBC /* Sources */ = {
			isa = PBXSourcesBuildPhase;
			buildActionMask = 2147483647;
			files = (
				13C76FF71AD8611000CAACBC /* Lesson4_1Tests.m in Sources */,
			);
			runOnlyForDeploymentPostprocessing = 0;
		};
/* End PBXSourcesBuildPhase section */

/* Begin PBXTargetDependency section */
		13C76FF21AD8611000CAACBC /* PBXTargetDependency */ = {
			isa = PBXTargetDependency;
			target = 13C76FD61AD8611000CAACBC /* Lesson4.1 */;
			targetProxy = 13C76FF11AD8611000CAACBC /* PBXContainerItemProxy */;
		};
/* End PBXTargetDependency section */

/* Begin PBXVariantGroup section */
		13C76FE41AD8611000CAACBC /* Main.storyboard */ = {
			isa = PBXVariantGroup;
			children = (
				13C76FE51AD8611000CAACBC /* Base */,
			);
			name = Main.storyboard;
			sourceTree = "<group>";
		};
		13C76FE91AD8611000CAACBC /* LaunchScreen.xib */ = {
			isa = PBXVariantGroup;
			children = (
				13C76FEA1AD8611000CAACBC /* Base */,
			);
			name = LaunchScreen.xib;
			sourceTree = "<group>";
		};
/* End PBXVariantGroup section */

/* Begin XCBuildConfiguration section */
		13C76FF81AD8611000CAACBC /* Debug */ = {
			isa = XCBuildConfiguration;
			buildSettings = {
				ALWAYS_SEARCH_USER_PATHS = NO;
				CLANG_CXX_LANGUAGE_STANDARD = "gnu++0x";
				CLANG_CXX_LIBRARY = "libc++";
				CLANG_ENABLE_MODULES = YES;
				CLANG_ENABLE_OBJC_ARC = YES;
				CLANG_WARN_BOOL_CONVERSION = YES;
				CLANG_WARN_CONSTANT_CONVERSION = YES;
				CLANG_WARN_DIRECT_OBJC_ISA_USAGE = YES_ERROR;
				CLANG_WARN_EMPTY_BODY = YES;
				CLANG_WARN_ENUM_CONVERSION = YES;
				CLANG_WARN_INT_CONVERSION = YES;
				CLANG_WARN_OBJC_ROOT_CLASS = YES_ERROR;
				CLANG_WARN_UNREACHABLE_CODE = YES;
				CLANG_WARN__DUPLICATE_METHOD_MATCH = YES;
				"CODE_SIGN_IDENTITY[sdk=iphoneos*]" = "iPhone Developer";
				COPY_PHASE_STRIP = NO;
				ENABLE_STRICT_OBJC_MSGSEND = YES;
				GCC_C_LANGUAGE_STANDARD = gnu99;
				GCC_DYNAMIC_NO_PIC = NO;
				GCC_OPTIMIZATION_LEVEL = 0;
				GCC_PREPROCESSOR_DEFINITIONS = (
					"DEBUG=1",
					"$(inherited)",
				);
				GCC_SYMBOLS_PRIVATE_EXTERN = NO;
				GCC_WARN_64_TO_32_BIT_CONVERSION = YES;
				GCC_WARN_ABOUT_RETURN_TYPE = YES_ERROR;
				GCC_WARN_UNDECLARED_SELECTOR = YES;
				GCC_WARN_UNINITIALIZED_AUTOS = YES_AGGRESSIVE;
				GCC_WARN_UNUSED_FUNCTION = YES;
				GCC_WARN_UNUSED_VARIABLE = YES;
				IPHONEOS_DEPLOYMENT_TARGET = 8.1;
				MTL_ENABLE_DEBUG_INFO = YES;
				ONLY_ACTIVE_ARCH = YES;
				SDKROOT = iphoneos;
			};
			name = Debug;
		};
		13C76FF91AD8611000CAACBC /* Release */ = {
			isa = XCBuildConfiguration;
			buildSettings = {
				ALWAYS_SEARCH_USER_PATHS = NO;
				CLANG_CXX_LANGUAGE_STANDARD = "gnu++0x";
				CLANG_CXX_LIBRARY = "libc++";
				CLANG_ENABLE_MODULES = YES;
				CLANG_ENABLE_OBJC_ARC = YES;
				CLANG_WARN_BOOL_CONVERSION = YES;
				CLANG_WARN_CONSTANT_CONVERSION = YES;
				CLANG_WARN_DIRECT_OBJC_ISA_USAGE = YES_ERROR;
				CLANG_WARN_EMPTY_BODY = YES;
				CLANG_WARN_ENUM_CONVERSION = YES;
				CLANG_WARN_INT_CONVERSION = YES;
				CLANG_WARN_OBJC_ROOT_CLASS = YES_ERROR;
				CLANG_WARN_UNREACHABLE_CODE = YES;
				CLANG_WARN__DUPLICATE_METHOD_MATCH = YES;
				"CODE_SIGN_IDENTITY[sdk=iphoneos*]" = "iPhone Developer";
				COPY_PHASE_STRIP = YES;
				ENABLE_NS_ASSERTIONS = NO;
				ENABLE_STRICT_OBJC_MSGSEND = YES;
				GCC_C_LANGUAGE_STANDARD = gnu99;
				GCC_WARN_64_TO_32_BIT_CONVERSION = YES;
				GCC_WARN_ABOUT_RETURN_TYPE = YES_ERROR;
				GCC_WARN_UNDECLARED_SELECTOR = YES;
				GCC_WARN_UNINITIALIZED_AUTOS = YES_AGGRESSIVE;
				GCC_WARN_UNUSED_FUNCTION = YES;
				GCC_WARN_UNUSED_VARIABLE = YES;
				IPHONEOS_DEPLOYMENT_TARGET = 8.1;
				MTL_ENABLE_DEBUG_INFO = NO;
				SDKROOT = iphoneos;
				VALIDATE_PRODUCT = YES;
			};
			name = Release;
		};
		13C76FFB1AD8611000CAACBC /* Debug */ = {
			isa = XCBuildConfiguration;
			buildSettings = {
				ASSETCATALOG_COMPILER_APPICON_NAME = AppIcon;
				INFOPLIST_FILE = Lesson4.1/Info.plist;
				LD_RUNPATH_SEARCH_PATHS = "$(inherited) @executable_path/Frameworks";
				PRODUCT_NAME = "$(TARGET_NAME)";
			};
			name = Debug;
		};
		13C76FFC1AD8611000CAACBC /* Release */ = {
			isa = XCBuildConfiguration;
			buildSettings = {
				ASSETCATALOG_COMPILER_APPICON_NAME = AppIcon;
				INFOPLIST_FILE = Lesson4.1/Info.plist;
				LD_RUNPATH_SEARCH_PATHS = "$(inherited) @executable_path/Frameworks";
				PRODUCT_NAME = "$(TARGET_NAME)";
			};
			name = Release;
		};
		13C76FFE1AD8611000CAACBC /* Debug */ = {
			isa = XCBuildConfiguration;
			buildSettings = {
				BUNDLE_LOADER = "$(TEST_HOST)";
				FRAMEWORK_SEARCH_PATHS = (
					"$(SDKROOT)/Developer/Library/Frameworks",
					"$(inherited)",
				);
				GCC_PREPROCESSOR_DEFINITIONS = (
					"DEBUG=1",
					"$(inherited)",
				);
				INFOPLIST_FILE = Lesson4.1Tests/Info.plist;
				LD_RUNPATH_SEARCH_PATHS = "$(inherited) @executable_path/Frameworks @loader_path/Frameworks";
				PRODUCT_NAME = "$(TARGET_NAME)";
				TEST_HOST = "$(BUILT_PRODUCTS_DIR)/Lesson4.1.app/Lesson4.1";
			};
			name = Debug;
		};
		13C76FFF1AD8611000CAACBC /* Release */ = {
			isa = XCBuildConfiguration;
			buildSettings = {
				BUNDLE_LOADER = "$(TEST_HOST)";
				FRAMEWORK_SEARCH_PATHS = (
					"$(SDKROOT)/Developer/Library/Frameworks",
					"$(inherited)",
				);
				INFOPLIST_FILE = Lesson4.1Tests/Info.plist;
				LD_RUNPATH_SEARCH_PATHS = "$(inherited) @executable_path/Frameworks @loader_path/Frameworks";
				PRODUCT_NAME = "$(TARGET_NAME)";
				TEST_HOST = "$(BUILT_PRODUCTS_DIR)/Lesson4.1.app/Lesson4.1";
			};
			name = Release;
		};
/* End XCBuildConfiguration section */

/* Begin XCConfigurationList section */
		13C76FD21AD8610F00CAACBC /* Build configuration list for PBXProject "Lesson4.1" */ = {
			isa = XCConfigurationList;
			buildConfigurations = (
				13C76FF81AD8611000CAACBC /* Debug */,
				13C76FF91AD8611000CAACBC /* Release */,
			);
			defaultConfigurationIsVisible = 0;
			defaultConfigurationName = Release;
		};
		13C76FFA1AD8611000CAACBC /* Build configuration list for PBXNativeTarget "Lesson4.1" */ = {
			isa = XCConfigurationList;
			buildConfigurations = (
				13C76FFB1AD8611000CAACBC /* Debug */,
				13C76FFC1AD8611000CAACBC /* Release */,
			);
			defaultConfigurationIsVisible = 0;
			defaultConfigurationName = Release;
		};
		13C76FFD1AD8611000CAACBC /* Build configuration list for PBXNativeTarget "Lesson4.1Tests" */ = {
			isa = XCConfigurationList;
			buildConfigurations = (
				13C76FFE1AD8611000CAACBC /* Debug */,
				13C76FFF1AD8611000CAACBC /* Release */,
			);
			defaultConfigurationIsVisible = 0;
			defaultConfigurationName = Release;
		};
/* End XCConfigurationList section */
	};
	rootObject = 13C76FCF1AD8610F00CAACBC /* Project object */;
}
